
Microsoft Visual Studio Solution File, Format Version 12.00
# Visual Studio Version 17
VisualStudioVersion = 17.2.32630.192
MinimumVisualStudioVersion = 10.0.40219.1
Project("{FAE04EC0-301F-11D3-BF4B-00C04F79EFBC}") = "BRB5.Android", "BRB5\BRB5.Android\BRB5.Android.csproj", "{A959A675-1DC0-4293-84E6-45B705004008}"
EndProject
Project("{FAE04EC0-301F-11D3-BF4B-00C04F79EFBC}") = "BRB5.iOS", "BRB5\BRB5.iOS\BRB5.iOS.csproj", "{1A78A11A-9A06-4AF6-83B3-C73ECBBA83D6}"
EndProject
Project("{9A19103F-16F7-4668-BE54-9A1E7A4F7556}") = "BRB5", "BRB5\BRB5\BRB5.csproj", "{502D0E43-AF3B-40D7-AF22-14503EE2BEA0}"
EndProject
Project("{9A19103F-16F7-4668-BE54-9A1E7A4F7556}") = "Test", "Test\Test.csproj", "{C69E62EB-3F5B-4050-9FE8-66CEA32C47CE}"
EndProject
Project("{9A19103F-16F7-4668-BE54-9A1E7A4F7556}") = "BRB5.Model", "Model\BRB5.Model.csproj", "{E1C7DAB8-E775-414D-91CE-30E46D8F40AF}"
EndProject
Project("{9A19103F-16F7-4668-BE54-9A1E7A4F7556}") = "BRB5.1", "BRB5.1\BRB5.1.csproj", "{1A29B969-0202-4EC0-B425-C94612642C14}"
EndProject
Project("{9A19103F-16F7-4668-BE54-9A1E7A4F7556}") = "BRB5Core", "BRB5\BRB5Core\BRB5Core.csproj", "{9ED7F1AA-CE85-4D18-80D3-4ECC6E84EE15}"
EndProject
Project("{9A19103F-16F7-4668-BE54-9A1E7A4F7556}") = "BL", "BL\BL.csproj", "{A49B55D6-E194-413E-A676-BA9AA26E7AB7}"
EndProject
Project("{FAE04EC0-301F-11D3-BF4B-00C04F79EFBC}") = "Android5.0", "Android5.0\Android5.0.csproj", "{A3665CAA-DD7A-44BB-A01C-11DC55C64BE1}"
EndProject
Global
	GlobalSection(SolutionConfigurationPlatforms) = preSolution
		Debug|Any CPU = Debug|Any CPU
		Debug|iPhone = Debug|iPhone
		Debug|iPhoneSimulator = Debug|iPhoneSimulator
		Release|Any CPU = Release|Any CPU
		Release|iPhone = Release|iPhone
		Release|iPhoneSimulator = Release|iPhoneSimulator
	EndGlobalSection
	GlobalSection(ProjectConfigurationPlatforms) = postSolution
		{A959A675-1DC0-4293-84E6-45B705004008}.Debug|Any CPU.ActiveCfg = Debug|Any CPU
		{A959A675-1DC0-4293-84E6-45B705004008}.Debug|Any CPU.Build.0 = Debug|Any CPU
		{A959A675-1DC0-4293-84E6-45B705004008}.Debug|Any CPU.Deploy.0 = Debug|Any CPU
		{A959A675-1DC0-4293-84E6-45B705004008}.Debug|iPhone.ActiveCfg = Debug|Any CPU
		{A959A675-1DC0-4293-84E6-45B705004008}.Debug|iPhone.Build.0 = Debug|Any CPU
		{A959A675-1DC0-4293-84E6-45B705004008}.Debug|iPhone.Deploy.0 = Debug|Any CPU
		{A959A675-1DC0-4293-84E6-45B705004008}.Debug|iPhoneSimulator.ActiveCfg = Debug|Any CPU
		{A959A675-1DC0-4293-84E6-45B705004008}.Debug|iPhoneSimulator.Build.0 = Debug|Any CPU
		{A959A675-1DC0-4293-84E6-45B705004008}.Debug|iPhoneSimulator.Deploy.0 = Debug|Any CPU
		{A959A675-1DC0-4293-84E6-45B705004008}.Release|Any CPU.ActiveCfg = Release|Any CPU
		{A959A675-1DC0-4293-84E6-45B705004008}.Release|Any CPU.Build.0 = Release|Any CPU
		{A959A675-1DC0-4293-84E6-45B705004008}.Release|Any CPU.Deploy.0 = Release|Any CPU
		{A959A675-1DC0-4293-84E6-45B705004008}.Release|iPhone.ActiveCfg = Release|Any CPU
		{A959A675-1DC0-4293-84E6-45B705004008}.Release|iPhone.Build.0 = Release|Any CPU
		{A959A675-1DC0-4293-84E6-45B705004008}.Release|iPhone.Deploy.0 = Release|Any CPU
		{A959A675-1DC0-4293-84E6-45B705004008}.Release|iPhoneSimulator.ActiveCfg = Release|Any CPU
		{A959A675-1DC0-4293-84E6-45B705004008}.Release|iPhoneSimulator.Build.0 = Release|Any CPU
		{A959A675-1DC0-4293-84E6-45B705004008}.Release|iPhoneSimulator.Deploy.0 = Release|Any CPU
		{1A78A11A-9A06-4AF6-83B3-C73ECBBA83D6}.Debug|Any CPU.ActiveCfg = Debug|iPhone
		{1A78A11A-9A06-4AF6-83B3-C73ECBBA83D6}.Debug|Any CPU.Build.0 = Debug|iPhone
		{1A78A11A-9A06-4AF6-83B3-C73ECBBA83D6}.Debug|Any CPU.Deploy.0 = Debug|iPhone
		{1A78A11A-9A06-4AF6-83B3-C73ECBBA83D6}.Debug|iPhone.ActiveCfg = Debug|iPhone
		{1A78A11A-9A06-4AF6-83B3-C73ECBBA83D6}.Debug|iPhone.Build.0 = Debug|iPhone
		{1A78A11A-9A06-4AF6-83B3-C73ECBBA83D6}.Debug|iPhone.Deploy.0 = Debug|iPhone
		{1A78A11A-9A06-4AF6-83B3-C73ECBBA83D6}.Debug|iPhoneSimulator.ActiveCfg = Debug|iPhoneSimulator
		{1A78A11A-9A06-4AF6-83B3-C73ECBBA83D6}.Debug|iPhoneSimulator.Build.0 = Debug|iPhoneSimulator
		{1A78A11A-9A06-4AF6-83B3-C73ECBBA83D6}.Debug|iPhoneSimulator.Deploy.0 = Debug|iPhoneSimulator
		{1A78A11A-9A06-4AF6-83B3-C73ECBBA83D6}.Release|Any CPU.ActiveCfg = Release|iPhoneSimulator
		{1A78A11A-9A06-4AF6-83B3-C73ECBBA83D6}.Release|Any CPU.Build.0 = Release|iPhoneSimulator
		{1A78A11A-9A06-4AF6-83B3-C73ECBBA83D6}.Release|Any CPU.Deploy.0 = Release|iPhoneSimulator
		{1A78A11A-9A06-4AF6-83B3-C73ECBBA83D6}.Release|iPhone.ActiveCfg = Release|iPhone
		{1A78A11A-9A06-4AF6-83B3-C73ECBBA83D6}.Release|iPhone.Build.0 = Release|iPhone
		{1A78A11A-9A06-4AF6-83B3-C73ECBBA83D6}.Release|iPhone.Deploy.0 = Release|iPhone
		{1A78A11A-9A06-4AF6-83B3-C73ECBBA83D6}.Release|iPhoneSimulator.ActiveCfg = Release|iPhoneSimulator
		{1A78A11A-9A06-4AF6-83B3-C73ECBBA83D6}.Release|iPhoneSimulator.Build.0 = Release|iPhoneSimulator
		{1A78A11A-9A06-4AF6-83B3-C73ECBBA83D6}.Release|iPhoneSimulator.Deploy.0 = Release|iPhoneSimulator
		{502D0E43-AF3B-40D7-AF22-14503EE2BEA0}.Debug|Any CPU.ActiveCfg = Debug|Any CPU
		{502D0E43-AF3B-40D7-AF22-14503EE2BEA0}.Debug|Any CPU.Build.0 = Debug|Any CPU
		{502D0E43-AF3B-40D7-AF22-14503EE2BEA0}.Debug|Any CPU.Deploy.0 = Debug|Any CPU
		{502D0E43-AF3B-40D7-AF22-14503EE2BEA0}.Debug|iPhone.ActiveCfg = Debug|Any CPU
		{502D0E43-AF3B-40D7-AF22-14503EE2BEA0}.Debug|iPhone.Build.0 = Debug|Any CPU
		{502D0E43-AF3B-40D7-AF22-14503EE2BEA0}.Debug|iPhone.Deploy.0 = Debug|Any CPU
		{502D0E43-AF3B-40D7-AF22-14503EE2BEA0}.Debug|iPhoneSimulator.ActiveCfg = Debug|Any CPU
		{502D0E43-AF3B-40D7-AF22-14503EE2BEA0}.Debug|iPhoneSimulator.Build.0 = Debug|Any CPU
		{502D0E43-AF3B-40D7-AF22-14503EE2BEA0}.Debug|iPhoneSimulator.Deploy.0 = Debug|Any CPU
		{502D0E43-AF3B-40D7-AF22-14503EE2BEA0}.Release|Any CPU.ActiveCfg = Release|Any CPU
		{502D0E43-AF3B-40D7-AF22-14503EE2BEA0}.Release|Any CPU.Build.0 = Release|Any CPU
		{502D0E43-AF3B-40D7-AF22-14503EE2BEA0}.Release|Any CPU.Deploy.0 = Release|Any CPU
		{502D0E43-AF3B-40D7-AF22-14503EE2BEA0}.Release|iPhone.ActiveCfg = Release|Any CPU
		{502D0E43-AF3B-40D7-AF22-14503EE2BEA0}.Release|iPhone.Build.0 = Release|Any CPU
		{502D0E43-AF3B-40D7-AF22-14503EE2BEA0}.Release|iPhone.Deploy.0 = Release|Any CPU
		{502D0E43-AF3B-40D7-AF22-14503EE2BEA0}.Release|iPhoneSimulator.ActiveCfg = Release|Any CPU
		{502D0E43-AF3B-40D7-AF22-14503EE2BEA0}.Release|iPhoneSimulator.Build.0 = Release|Any CPU
		{502D0E43-AF3B-40D7-AF22-14503EE2BEA0}.Release|iPhoneSimulator.Deploy.0 = Release|Any CPU
		{C69E62EB-3F5B-4050-9FE8-66CEA32C47CE}.Debug|Any CPU.ActiveCfg = Debug|Any CPU
		{C69E62EB-3F5B-4050-9FE8-66CEA32C47CE}.Debug|Any CPU.Build.0 = Debug|Any CPU
		{C69E62EB-3F5B-4050-9FE8-66CEA32C47CE}.Debug|iPhone.ActiveCfg = Debug|Any CPU
		{C69E62EB-3F5B-4050-9FE8-66CEA32C47CE}.Debug|iPhone.Build.0 = Debug|Any CPU
		{C69E62EB-3F5B-4050-9FE8-66CEA32C47CE}.Debug|iPhoneSimulator.ActiveCfg = Debug|Any CPU
		{C69E62EB-3F5B-4050-9FE8-66CEA32C47CE}.Debug|iPhoneSimulator.Build.0 = Debug|Any CPU
		{C69E62EB-3F5B-4050-9FE8-66CEA32C47CE}.Release|Any CPU.ActiveCfg = Release|Any CPU
		{C69E62EB-3F5B-4050-9FE8-66CEA32C47CE}.Release|Any CPU.Build.0 = Release|Any CPU
		{C69E62EB-3F5B-4050-9FE8-66CEA32C47CE}.Release|iPhone.ActiveCfg = Release|Any CPU
		{C69E62EB-3F5B-4050-9FE8-66CEA32C47CE}.Release|iPhone.Build.0 = Release|Any CPU
		{C69E62EB-3F5B-4050-9FE8-66CEA32C47CE}.Release|iPhoneSimulator.ActiveCfg = Release|Any CPU
		{C69E62EB-3F5B-4050-9FE8-66CEA32C47CE}.Release|iPhoneSimulator.Build.0 = Release|Any CPU
		{E1C7DAB8-E775-414D-91CE-30E46D8F40AF}.Debug|Any CPU.ActiveCfg = Debug|Any CPU
		{E1C7DAB8-E775-414D-91CE-30E46D8F40AF}.Debug|Any CPU.Build.0 = Debug|Any CPU
		{E1C7DAB8-E775-414D-91CE-30E46D8F40AF}.Debug|iPhone.ActiveCfg = Debug|Any CPU
		{E1C7DAB8-E775-414D-91CE-30E46D8F40AF}.Debug|iPhone.Build.0 = Debug|Any CPU
		{E1C7DAB8-E775-414D-91CE-30E46D8F40AF}.Debug|iPhoneSimulator.ActiveCfg = Debug|Any CPU
		{E1C7DAB8-E775-414D-91CE-30E46D8F40AF}.Debug|iPhoneSimulator.Build.0 = Debug|Any CPU
		{E1C7DAB8-E775-414D-91CE-30E46D8F40AF}.Release|Any CPU.ActiveCfg = Release|Any CPU
		{E1C7DAB8-E775-414D-91CE-30E46D8F40AF}.Release|Any CPU.Build.0 = Release|Any CPU
		{E1C7DAB8-E775-414D-91CE-30E46D8F40AF}.Release|iPhone.ActiveCfg = Release|Any CPU
		{E1C7DAB8-E775-414D-91CE-30E46D8F40AF}.Release|iPhone.Build.0 = Release|Any CPU
		{E1C7DAB8-E775-414D-91CE-30E46D8F40AF}.Release|iPhoneSimulator.ActiveCfg = Release|Any CPU
		{E1C7DAB8-E775-414D-91CE-30E46D8F40AF}.Release|iPhoneSimulator.Build.0 = Release|Any CPU
		{1A29B969-0202-4EC0-B425-C94612642C14}.Debug|Any CPU.ActiveCfg = Debug|Any CPU
		{1A29B969-0202-4EC0-B425-C94612642C14}.Debug|Any CPU.Build.0 = Debug|Any CPU
		{1A29B969-0202-4EC0-B425-C94612642C14}.Debug|Any CPU.Deploy.0 = Debug|Any CPU
		{1A29B969-0202-4EC0-B425-C94612642C14}.Debug|iPhone.ActiveCfg = Debug|Any CPU
		{1A29B969-0202-4EC0-B425-C94612642C14}.Debug|iPhone.Build.0 = Debug|Any CPU
		{1A29B969-0202-4EC0-B425-C94612642C14}.Debug|iPhone.Deploy.0 = Debug|Any CPU
		{1A29B969-0202-4EC0-B425-C94612642C14}.Debug|iPhoneSimulator.ActiveCfg = Debug|Any CPU
		{1A29B969-0202-4EC0-B425-C94612642C14}.Debug|iPhoneSimulator.Build.0 = Debug|Any CPU
		{1A29B969-0202-4EC0-B425-C94612642C14}.Debug|iPhoneSimulator.Deploy.0 = Debug|Any CPU
		{1A29B969-0202-4EC0-B425-C94612642C14}.Release|Any CPU.ActiveCfg = Release|Any CPU
		{1A29B969-0202-4EC0-B425-C94612642C14}.Release|Any CPU.Build.0 = Release|Any CPU
		{1A29B969-0202-4EC0-B425-C94612642C14}.Release|Any CPU.Deploy.0 = Release|Any CPU
		{1A29B969-0202-4EC0-B425-C94612642C14}.Release|iPhone.ActiveCfg = Release|Any CPU
		{1A29B969-0202-4EC0-B425-C94612642C14}.Release|iPhone.Build.0 = Release|Any CPU
		{1A29B969-0202-4EC0-B425-C94612642C14}.Release|iPhone.Deploy.0 = Release|Any CPU
		{1A29B969-0202-4EC0-B425-C94612642C14}.Release|iPhoneSimulator.ActiveCfg = Release|Any CPU
		{1A29B969-0202-4EC0-B425-C94612642C14}.Release|iPhoneSimulator.Build.0 = Release|Any CPU
		{1A29B969-0202-4EC0-B425-C94612642C14}.Release|iPhoneSimulator.Deploy.0 = Release|Any CPU
		{9ED7F1AA-CE85-4D18-80D3-4ECC6E84EE15}.Debug|Any CPU.ActiveCfg = Debug|Any CPU
		{9ED7F1AA-CE85-4D18-80D3-4ECC6E84EE15}.Debug|Any CPU.Build.0 = Debug|Any CPU
		{9ED7F1AA-CE85-4D18-80D3-4ECC6E84EE15}.Debug|iPhone.ActiveCfg = Debug|Any CPU
		{9ED7F1AA-CE85-4D18-80D3-4ECC6E84EE15}.Debug|iPhone.Build.0 = Debug|Any CPU
		{9ED7F1AA-CE85-4D18-80D3-4ECC6E84EE15}.Debug|iPhoneSimulator.ActiveCfg = Debug|Any CPU
		{9ED7F1AA-CE85-4D18-80D3-4ECC6E84EE15}.Debug|iPhoneSimulator.Build.0 = Debug|Any CPU
		{9ED7F1AA-CE85-4D18-80D3-4ECC6E84EE15}.Release|Any CPU.ActiveCfg = Release|Any CPU
		{9ED7F1AA-CE85-4D18-80D3-4ECC6E84EE15}.Release|Any CPU.Build.0 = Release|Any CPU
		{9ED7F1AA-CE85-4D18-80D3-4ECC6E84EE15}.Release|iPhone.ActiveCfg = Release|Any CPU
		{9ED7F1AA-CE85-4D18-80D3-4ECC6E84EE15}.Release|iPhone.Build.0 = Release|Any CPU
		{9ED7F1AA-CE85-4D18-80D3-4ECC6E84EE15}.Release|iPhoneSimulator.ActiveCfg = Release|Any CPU
		{9ED7F1AA-CE85-4D18-80D3-4ECC6E84EE15}.Release|iPhoneSimulator.Build.0 = Release|Any CPU
		{A49B55D6-E194-413E-A676-BA9AA26E7AB7}.Debug|Any CPU.ActiveCfg = Debug|Any CPU
		{A49B55D6-E194-413E-A676-BA9AA26E7AB7}.Debug|Any CPU.Build.0 = Debug|Any CPU
		{A49B55D6-E194-413E-A676-BA9AA26E7AB7}.Debug|iPhone.ActiveCfg = Debug|Any CPU
		{A49B55D6-E194-413E-A676-BA9AA26E7AB7}.Debug|iPhone.Build.0 = Debug|Any CPU
		{A49B55D6-E194-413E-A676-BA9AA26E7AB7}.Debug|iPhoneSimulator.ActiveCfg = Debug|Any CPU
		{A49B55D6-E194-413E-A676-BA9AA26E7AB7}.Debug|iPhoneSimulator.Build.0 = Debug|Any CPU
		{A49B55D6-E194-413E-A676-BA9AA26E7AB7}.Release|Any CPU.ActiveCfg = Release|Any CPU
		{A49B55D6-E194-413E-A676-BA9AA26E7AB7}.Release|Any CPU.Build.0 = Release|Any CPU
		{A49B55D6-E194-413E-A676-BA9AA26E7AB7}.Release|iPhone.ActiveCfg = Release|Any CPU
		{A49B55D6-E194-413E-A676-BA9AA26E7AB7}.Release|iPhone.Build.0 = Release|Any CPU
		{A49B55D6-E194-413E-A676-BA9AA26E7AB7}.Release|iPhoneSimulator.ActiveCfg = Release|Any CPU
		{A49B55D6-E194-413E-A676-BA9AA26E7AB7}.Release|iPhoneSimulator.Build.0 = Release|Any CPU
		{A3665CAA-DD7A-44BB-A01C-11DC55C64BE1}.Debug|Any CPU.ActiveCfg = Debug|Any CPU
		{A3665CAA-DD7A-44BB-A01C-11DC55C64BE1}.Debug|Any CPU.Build.0 = Debug|Any CPU
		{A3665CAA-DD7A-44BB-A01C-11DC55C64BE1}.Debug|Any CPU.Deploy.0 = Debug|Any CPU
		{A3665CAA-DD7A-44BB-A01C-11DC55C64BE1}.Debug|iPhone.ActiveCfg = Debug|Any CPU
		{A3665CAA-DD7A-44BB-A01C-11DC55C64BE1}.Debug|iPhone.Build.0 = Debug|Any CPU
		{A3665CAA-DD7A-44BB-A01C-11DC55C64BE1}.Debug|iPhone.Deploy.0 = Debug|Any CPU
		{A3665CAA-DD7A-44BB-A01C-11DC55C64BE1}.Debug|iPhoneSimulator.ActiveCfg = Debug|Any CPU
		{A3665CAA-DD7A-44BB-A01C-11DC55C64BE1}.Debug|iPhoneSimulator.Build.0 = Debug|Any CPU
		{A3665CAA-DD7A-44BB-A01C-11DC55C64BE1}.Debug|iPhoneSimulator.Deploy.0 = Debug|Any CPU
		{A3665CAA-DD7A-44BB-A01C-11DC55C64BE1}.Release|Any CPU.ActiveCfg = Release|Any CPU
		{A3665CAA-DD7A-44BB-A01C-11DC55C64BE1}.Release|Any CPU.Build.0 = Release|Any CPU
		{A3665CAA-DD7A-44BB-A01C-11DC55C64BE1}.Release|Any CPU.Deploy.0 = Release|Any CPU
		{A3665CAA-DD7A-44BB-A01C-11DC55C64BE1}.Release|iPhone.ActiveCfg = Release|Any CPU
		{A3665CAA-DD7A-44BB-A01C-11DC55C64BE1}.Release|iPhone.Build.0 = Release|Any CPU
		{A3665CAA-DD7A-44BB-A01C-11DC55C64BE1}.Release|iPhone.Deploy.0 = Release|Any CPU
		{A3665CAA-DD7A-44BB-A01C-11DC55C64BE1}.Release|iPhoneSimulator.ActiveCfg = Release|Any CPU
		{A3665CAA-DD7A-44BB-A01C-11DC55C64BE1}.Release|iPhoneSimulator.Build.0 = Release|Any CPU
		{A3665CAA-DD7A-44BB-A01C-11DC55C64BE1}.Release|iPhoneSimulator.Deploy.0 = Release|Any CPU
	EndGlobalSection
	GlobalSection(SolutionProperties) = preSolution
		HideSolutionNode = FALSE
	EndGlobalSection
	GlobalSection(ExtensibilityGlobals) = postSolution
		SolutionGuid = {7E6FD918-987D-40A7-BD43-45D9E219CE43}
	EndGlobalSection
EndGlobal
