
Microsoft Visual Studio Solution File, Format Version 12.00
# Visual Studio Version 17
VisualStudioVersion = 17.2.32630.192
MinimumVisualStudioVersion = 10.0.40219.1
Project("{9A19103F-16F7-4668-BE54-9A1E7A4F7556}") = "BRB5.Model", "Model\BRB5.Model.csproj", "{E1C7DAB8-E775-414D-91CE-30E46D8F40AF}"
EndProject
Project("{9A19103F-16F7-4668-BE54-9A1E7A4F7556}") = "BL", "BL\BL.csproj", "{A49B55D6-E194-413E-A676-BA9AA26E7AB7}"
EndProject
Project("{FAE04EC0-301F-11D3-BF4B-00C04F79EFBC}") = "BRB6", "BRB5.1\BRB6.csproj", "{CBE5524D-A234-49C4-9DFA-D92A981DE6F1}"
EndProject
Project("{FAE04EC0-301F-11D3-BF4B-00C04F79EFBC}") = "Utils", "..\UniCS.TM\Utils\Utils.csproj", "{49DE7B11-74FE-40A9-A9F4-CEC83A627199}"
EndProject
Project("{FAE04EC0-301F-11D3-BF4B-00C04F79EFBC}") = "UtilNetwork", "..\UniCS.TM\UtilNetwork\UtilNetwork.csproj", "{5208EFF5-2200-E7D5-675E-515EA251BB26}"
EndProject
Project("{FAE04EC0-301F-11D3-BF4B-00C04F79EFBC}") = "PriceChecker", "PriceChecker\PriceChecker.csproj", "{69CBC496-ED3B-4530-9987-657F7E20A475}"
EndProject
Project("{FAE04EC0-301F-11D3-BF4B-00C04F79EFBC}") = "Model", "..\UniCS.TM\Model\Model.csproj", "{C14DA660-67CC-D263-C224-582538F0339A}"
EndProject
Global
	GlobalSection(SolutionConfigurationPlatforms) = preSolution
		Debug|Any CPU = Debug|Any CPU
		Debug|iPhone = Debug|iPhone
		Debug|iPhoneSimulator = Debug|iPhoneSimulator
		Release|Any CPU = Release|Any CPU
		Release|iPhone = Release|iPhone
		Release|iPhoneSimulator = Release|iPhoneSimulator
	EndGlobalSection
	GlobalSection(ProjectConfigurationPlatforms) = postSolution
		{1A78A11A-9A06-4AF6-83B3-C73ECBBA83D6}.Debug|Any CPU.ActiveCfg = Debug|iPhone
		{1A78A11A-9A06-4AF6-83B3-C73ECBBA83D6}.Debug|Any CPU.Build.0 = Debug|iPhone
		{1A78A11A-9A06-4AF6-83B3-C73ECBBA83D6}.Debug|Any CPU.Deploy.0 = Debug|iPhone
		{1A78A11A-9A06-4AF6-83B3-C73ECBBA83D6}.Debug|iPhone.ActiveCfg = Debug|iPhone
		{1A78A11A-9A06-4AF6-83B3-C73ECBBA83D6}.Debug|iPhone.Build.0 = Debug|iPhone
		{1A78A11A-9A06-4AF6-83B3-C73ECBBA83D6}.Debug|iPhone.Deploy.0 = Debug|iPhone
		{1A78A11A-9A06-4AF6-83B3-C73ECBBA83D6}.Debug|iPhoneSimulator.ActiveCfg = Debug|iPhoneSimulator
		{1A78A11A-9A06-4AF6-83B3-C73ECBBA83D6}.Debug|iPhoneSimulator.Build.0 = Debug|iPhoneSimulator
		{1A78A11A-9A06-4AF6-83B3-C73ECBBA83D6}.Debug|iPhoneSimulator.Deploy.0 = Debug|iPhoneSimulator
		{1A78A11A-9A06-4AF6-83B3-C73ECBBA83D6}.Release|Any CPU.ActiveCfg = Release|iPhoneSimulator
		{1A78A11A-9A06-4AF6-83B3-C73ECBBA83D6}.Release|Any CPU.Build.0 = Release|iPhoneSimulator
		{1A78A11A-9A06-4AF6-83B3-C73ECBBA83D6}.Release|Any CPU.Deploy.0 = Release|iPhoneSimulator
		{1A78A11A-9A06-4AF6-83B3-C73ECBBA83D6}.Release|iPhone.ActiveCfg = Release|iPhone
		{1A78A11A-9A06-4AF6-83B3-C73ECBBA83D6}.Release|iPhone.Build.0 = Release|iPhone
		{1A78A11A-9A06-4AF6-83B3-C73ECBBA83D6}.Release|iPhone.Deploy.0 = Release|iPhone
		{1A78A11A-9A06-4AF6-83B3-C73ECBBA83D6}.Release|iPhoneSimulator.ActiveCfg = Release|iPhoneSimulator
		{1A78A11A-9A06-4AF6-83B3-C73ECBBA83D6}.Release|iPhoneSimulator.Build.0 = Release|iPhoneSimulator
		{1A78A11A-9A06-4AF6-83B3-C73ECBBA83D6}.Release|iPhoneSimulator.Deploy.0 = Release|iPhoneSimulator
		{502D0E43-AF3B-40D7-AF22-14503EE2BEA0}.Debug|Any CPU.ActiveCfg = Debug|Any CPU
		{502D0E43-AF3B-40D7-AF22-14503EE2BEA0}.Debug|Any CPU.Build.0 = Debug|Any CPU
		{502D0E43-AF3B-40D7-AF22-14503EE2BEA0}.Debug|Any CPU.Deploy.0 = Debug|Any CPU
		{502D0E43-AF3B-40D7-AF22-14503EE2BEA0}.Debug|iPhone.ActiveCfg = Debug|Any CPU
		{502D0E43-AF3B-40D7-AF22-14503EE2BEA0}.Debug|iPhone.Build.0 = Debug|Any CPU
		{502D0E43-AF3B-40D7-AF22-14503EE2BEA0}.Debug|iPhone.Deploy.0 = Debug|Any CPU
		{502D0E43-AF3B-40D7-AF22-14503EE2BEA0}.Debug|iPhoneSimulator.ActiveCfg = Debug|Any CPU
		{502D0E43-AF3B-40D7-AF22-14503EE2BEA0}.Debug|iPhoneSimulator.Build.0 = Debug|Any CPU
		{502D0E43-AF3B-40D7-AF22-14503EE2BEA0}.Debug|iPhoneSimulator.Deploy.0 = Debug|Any CPU
		{502D0E43-AF3B-40D7-AF22-14503EE2BEA0}.Release|Any CPU.ActiveCfg = Release|Any CPU
		{502D0E43-AF3B-40D7-AF22-14503EE2BEA0}.Release|Any CPU.Build.0 = Release|Any CPU
		{502D0E43-AF3B-40D7-AF22-14503EE2BEA0}.Release|Any CPU.Deploy.0 = Release|Any CPU
		{502D0E43-AF3B-40D7-AF22-14503EE2BEA0}.Release|iPhone.ActiveCfg = Release|Any CPU
		{502D0E43-AF3B-40D7-AF22-14503EE2BEA0}.Release|iPhone.Build.0 = Release|Any CPU
		{502D0E43-AF3B-40D7-AF22-14503EE2BEA0}.Release|iPhone.Deploy.0 = Release|Any CPU
		{502D0E43-AF3B-40D7-AF22-14503EE2BEA0}.Release|iPhoneSimulator.ActiveCfg = Release|Any CPU
		{502D0E43-AF3B-40D7-AF22-14503EE2BEA0}.Release|iPhoneSimulator.Build.0 = Release|Any CPU
		{502D0E43-AF3B-40D7-AF22-14503EE2BEA0}.Release|iPhoneSimulator.Deploy.0 = Release|Any CPU
		{E1C7DAB8-E775-414D-91CE-30E46D8F40AF}.Debug|Any CPU.ActiveCfg = Debug|Any CPU
		{E1C7DAB8-E775-414D-91CE-30E46D8F40AF}.Debug|Any CPU.Build.0 = Debug|Any CPU
		{E1C7DAB8-E775-414D-91CE-30E46D8F40AF}.Debug|iPhone.ActiveCfg = Debug|Any CPU
		{E1C7DAB8-E775-414D-91CE-30E46D8F40AF}.Debug|iPhone.Build.0 = Debug|Any CPU
		{E1C7DAB8-E775-414D-91CE-30E46D8F40AF}.Debug|iPhoneSimulator.ActiveCfg = Debug|Any CPU
		{E1C7DAB8-E775-414D-91CE-30E46D8F40AF}.Debug|iPhoneSimulator.Build.0 = Debug|Any CPU
		{E1C7DAB8-E775-414D-91CE-30E46D8F40AF}.Release|Any CPU.ActiveCfg = Release|Any CPU
		{E1C7DAB8-E775-414D-91CE-30E46D8F40AF}.Release|Any CPU.Build.0 = Release|Any CPU
		{E1C7DAB8-E775-414D-91CE-30E46D8F40AF}.Release|iPhone.ActiveCfg = Release|Any CPU
		{E1C7DAB8-E775-414D-91CE-30E46D8F40AF}.Release|iPhone.Build.0 = Release|Any CPU
		{E1C7DAB8-E775-414D-91CE-30E46D8F40AF}.Release|iPhoneSimulator.ActiveCfg = Release|Any CPU
		{E1C7DAB8-E775-414D-91CE-30E46D8F40AF}.Release|iPhoneSimulator.Build.0 = Release|Any CPU
		{A49B55D6-E194-413E-A676-BA9AA26E7AB7}.Debug|Any CPU.ActiveCfg = Debug|Any CPU
		{A49B55D6-E194-413E-A676-BA9AA26E7AB7}.Debug|Any CPU.Build.0 = Debug|Any CPU
		{A49B55D6-E194-413E-A676-BA9AA26E7AB7}.Debug|iPhone.ActiveCfg = Debug|Any CPU
		{A49B55D6-E194-413E-A676-BA9AA26E7AB7}.Debug|iPhone.Build.0 = Debug|Any CPU
		{A49B55D6-E194-413E-A676-BA9AA26E7AB7}.Debug|iPhoneSimulator.ActiveCfg = Debug|Any CPU
		{A49B55D6-E194-413E-A676-BA9AA26E7AB7}.Debug|iPhoneSimulator.Build.0 = Debug|Any CPU
		{A49B55D6-E194-413E-A676-BA9AA26E7AB7}.Release|Any CPU.ActiveCfg = Release|Any CPU
		{A49B55D6-E194-413E-A676-BA9AA26E7AB7}.Release|Any CPU.Build.0 = Release|Any CPU
		{A49B55D6-E194-413E-A676-BA9AA26E7AB7}.Release|iPhone.ActiveCfg = Release|Any CPU
		{A49B55D6-E194-413E-A676-BA9AA26E7AB7}.Release|iPhone.Build.0 = Release|Any CPU
		{A49B55D6-E194-413E-A676-BA9AA26E7AB7}.Release|iPhoneSimulator.ActiveCfg = Release|Any CPU
		{A49B55D6-E194-413E-A676-BA9AA26E7AB7}.Release|iPhoneSimulator.Build.0 = Release|Any CPU
		{1FF34556-44A7-476C-AB44-365DA9BA59CC}.Debug|Any CPU.ActiveCfg = Debug|Any CPU
		{1FF34556-44A7-476C-AB44-365DA9BA59CC}.Debug|Any CPU.Build.0 = Debug|Any CPU
		{1FF34556-44A7-476C-AB44-365DA9BA59CC}.Debug|iPhone.ActiveCfg = Debug|Any CPU
		{1FF34556-44A7-476C-AB44-365DA9BA59CC}.Debug|iPhone.Build.0 = Debug|Any CPU
		{1FF34556-44A7-476C-AB44-365DA9BA59CC}.Debug|iPhoneSimulator.ActiveCfg = Debug|Any CPU
		{1FF34556-44A7-476C-AB44-365DA9BA59CC}.Debug|iPhoneSimulator.Build.0 = Debug|Any CPU
		{1FF34556-44A7-476C-AB44-365DA9BA59CC}.Release|Any CPU.ActiveCfg = Release|Any CPU
		{1FF34556-44A7-476C-AB44-365DA9BA59CC}.Release|Any CPU.Build.0 = Release|Any CPU
		{1FF34556-44A7-476C-AB44-365DA9BA59CC}.Release|iPhone.ActiveCfg = Release|Any CPU
		{1FF34556-44A7-476C-AB44-365DA9BA59CC}.Release|iPhone.Build.0 = Release|Any CPU
		{1FF34556-44A7-476C-AB44-365DA9BA59CC}.Release|iPhoneSimulator.ActiveCfg = Release|Any CPU
		{1FF34556-44A7-476C-AB44-365DA9BA59CC}.Release|iPhoneSimulator.Build.0 = Release|Any CPU
		{B70931C7-3CF5-4D0C-92F6-A481EF0BDBA5}.Debug|Any CPU.ActiveCfg = Debug|Any CPU
		{B70931C7-3CF5-4D0C-92F6-A481EF0BDBA5}.Debug|Any CPU.Build.0 = Debug|Any CPU
		{B70931C7-3CF5-4D0C-92F6-A481EF0BDBA5}.Debug|iPhone.ActiveCfg = Debug|Any CPU
		{B70931C7-3CF5-4D0C-92F6-A481EF0BDBA5}.Debug|iPhone.Build.0 = Debug|Any CPU
		{B70931C7-3CF5-4D0C-92F6-A481EF0BDBA5}.Debug|iPhoneSimulator.ActiveCfg = Debug|Any CPU
		{B70931C7-3CF5-4D0C-92F6-A481EF0BDBA5}.Debug|iPhoneSimulator.Build.0 = Debug|Any CPU
		{B70931C7-3CF5-4D0C-92F6-A481EF0BDBA5}.Release|Any CPU.ActiveCfg = Release|Any CPU
		{B70931C7-3CF5-4D0C-92F6-A481EF0BDBA5}.Release|Any CPU.Build.0 = Release|Any CPU
		{B70931C7-3CF5-4D0C-92F6-A481EF0BDBA5}.Release|iPhone.ActiveCfg = Release|Any CPU
		{B70931C7-3CF5-4D0C-92F6-A481EF0BDBA5}.Release|iPhone.Build.0 = Release|Any CPU
		{B70931C7-3CF5-4D0C-92F6-A481EF0BDBA5}.Release|iPhoneSimulator.ActiveCfg = Release|Any CPU
		{B70931C7-3CF5-4D0C-92F6-A481EF0BDBA5}.Release|iPhoneSimulator.Build.0 = Release|Any CPU
		{0FFBBAF5-B8E2-4501-B121-92F4C6ACF72D}.Debug|Any CPU.ActiveCfg = Debug|Any CPU
		{0FFBBAF5-B8E2-4501-B121-92F4C6ACF72D}.Debug|Any CPU.Build.0 = Debug|Any CPU
		{0FFBBAF5-B8E2-4501-B121-92F4C6ACF72D}.Debug|iPhone.ActiveCfg = Debug|Any CPU
		{0FFBBAF5-B8E2-4501-B121-92F4C6ACF72D}.Debug|iPhone.Build.0 = Debug|Any CPU
		{0FFBBAF5-B8E2-4501-B121-92F4C6ACF72D}.Debug|iPhoneSimulator.ActiveCfg = Debug|Any CPU
		{0FFBBAF5-B8E2-4501-B121-92F4C6ACF72D}.Debug|iPhoneSimulator.Build.0 = Debug|Any CPU
		{0FFBBAF5-B8E2-4501-B121-92F4C6ACF72D}.Release|Any CPU.ActiveCfg = Release|Any CPU
		{0FFBBAF5-B8E2-4501-B121-92F4C6ACF72D}.Release|Any CPU.Build.0 = Release|Any CPU
		{0FFBBAF5-B8E2-4501-B121-92F4C6ACF72D}.Release|iPhone.ActiveCfg = Release|Any CPU
		{0FFBBAF5-B8E2-4501-B121-92F4C6ACF72D}.Release|iPhone.Build.0 = Release|Any CPU
		{0FFBBAF5-B8E2-4501-B121-92F4C6ACF72D}.Release|iPhoneSimulator.ActiveCfg = Release|Any CPU
		{0FFBBAF5-B8E2-4501-B121-92F4C6ACF72D}.Release|iPhoneSimulator.Build.0 = Release|Any CPU
		{CBE5524D-A234-49C4-9DFA-D92A981DE6F1}.Debug|Any CPU.ActiveCfg = Debug|Any CPU
		{CBE5524D-A234-49C4-9DFA-D92A981DE6F1}.Debug|Any CPU.Build.0 = Debug|Any CPU
		{CBE5524D-A234-49C4-9DFA-D92A981DE6F1}.Debug|Any CPU.Deploy.0 = Debug|Any CPU
		{CBE5524D-A234-49C4-9DFA-D92A981DE6F1}.Debug|iPhone.ActiveCfg = Debug|Any CPU
		{CBE5524D-A234-49C4-9DFA-D92A981DE6F1}.Debug|iPhone.Build.0 = Debug|Any CPU
		{CBE5524D-A234-49C4-9DFA-D92A981DE6F1}.Debug|iPhone.Deploy.0 = Debug|Any CPU
		{CBE5524D-A234-49C4-9DFA-D92A981DE6F1}.Debug|iPhoneSimulator.ActiveCfg = Debug|Any CPU
		{CBE5524D-A234-49C4-9DFA-D92A981DE6F1}.Debug|iPhoneSimulator.Build.0 = Debug|Any CPU
		{CBE5524D-A234-49C4-9DFA-D92A981DE6F1}.Debug|iPhoneSimulator.Deploy.0 = Debug|Any CPU
		{CBE5524D-A234-49C4-9DFA-D92A981DE6F1}.Release|Any CPU.ActiveCfg = Release|Any CPU
		{CBE5524D-A234-49C4-9DFA-D92A981DE6F1}.Release|Any CPU.Build.0 = Release|Any CPU
		{CBE5524D-A234-49C4-9DFA-D92A981DE6F1}.Release|Any CPU.Deploy.0 = Release|Any CPU
		{CBE5524D-A234-49C4-9DFA-D92A981DE6F1}.Release|iPhone.ActiveCfg = Release|Any CPU
		{CBE5524D-A234-49C4-9DFA-D92A981DE6F1}.Release|iPhone.Build.0 = Release|Any CPU
		{CBE5524D-A234-49C4-9DFA-D92A981DE6F1}.Release|iPhone.Deploy.0 = Release|Any CPU
		{CBE5524D-A234-49C4-9DFA-D92A981DE6F1}.Release|iPhoneSimulator.ActiveCfg = Release|Any CPU
		{CBE5524D-A234-49C4-9DFA-D92A981DE6F1}.Release|iPhoneSimulator.Build.0 = Release|Any CPU
		{CBE5524D-A234-49C4-9DFA-D92A981DE6F1}.Release|iPhoneSimulator.Deploy.0 = Release|Any CPU
		{49DE7B11-74FE-40A9-A9F4-CEC83A627199}.Debug|Any CPU.ActiveCfg = Debug|Any CPU
		{49DE7B11-74FE-40A9-A9F4-CEC83A627199}.Debug|Any CPU.Build.0 = Debug|Any CPU
		{49DE7B11-74FE-40A9-A9F4-CEC83A627199}.Debug|iPhone.ActiveCfg = Debug|Any CPU
		{49DE7B11-74FE-40A9-A9F4-CEC83A627199}.Debug|iPhone.Build.0 = Debug|Any CPU
		{49DE7B11-74FE-40A9-A9F4-CEC83A627199}.Debug|iPhoneSimulator.ActiveCfg = Debug|Any CPU
		{49DE7B11-74FE-40A9-A9F4-CEC83A627199}.Debug|iPhoneSimulator.Build.0 = Debug|Any CPU
		{49DE7B11-74FE-40A9-A9F4-CEC83A627199}.Release|Any CPU.ActiveCfg = Release|Any CPU
		{49DE7B11-74FE-40A9-A9F4-CEC83A627199}.Release|Any CPU.Build.0 = Release|Any CPU
		{49DE7B11-74FE-40A9-A9F4-CEC83A627199}.Release|iPhone.ActiveCfg = Release|Any CPU
		{49DE7B11-74FE-40A9-A9F4-CEC83A627199}.Release|iPhone.Build.0 = Release|Any CPU
		{49DE7B11-74FE-40A9-A9F4-CEC83A627199}.Release|iPhoneSimulator.ActiveCfg = Release|Any CPU
		{49DE7B11-74FE-40A9-A9F4-CEC83A627199}.Release|iPhoneSimulator.Build.0 = Release|Any CPU
		{5208EFF5-2200-E7D5-675E-515EA251BB26}.Debug|Any CPU.ActiveCfg = Debug|Any CPU
		{5208EFF5-2200-E7D5-675E-515EA251BB26}.Debug|Any CPU.Build.0 = Debug|Any CPU
		{5208EFF5-2200-E7D5-675E-515EA251BB26}.Debug|iPhone.ActiveCfg = Debug|Any CPU
		{5208EFF5-2200-E7D5-675E-515EA251BB26}.Debug|iPhone.Build.0 = Debug|Any CPU
		{5208EFF5-2200-E7D5-675E-515EA251BB26}.Debug|iPhoneSimulator.ActiveCfg = Debug|Any CPU
		{5208EFF5-2200-E7D5-675E-515EA251BB26}.Debug|iPhoneSimulator.Build.0 = Debug|Any CPU
		{5208EFF5-2200-E7D5-675E-515EA251BB26}.Release|Any CPU.ActiveCfg = Release|Any CPU
		{5208EFF5-2200-E7D5-675E-515EA251BB26}.Release|Any CPU.Build.0 = Release|Any CPU
		{5208EFF5-2200-E7D5-675E-515EA251BB26}.Release|iPhone.ActiveCfg = Release|Any CPU
		{5208EFF5-2200-E7D5-675E-515EA251BB26}.Release|iPhone.Build.0 = Release|Any CPU
		{5208EFF5-2200-E7D5-675E-515EA251BB26}.Release|iPhoneSimulator.ActiveCfg = Release|Any CPU
		{5208EFF5-2200-E7D5-675E-515EA251BB26}.Release|iPhoneSimulator.Build.0 = Release|Any CPU
		{69CBC496-ED3B-4530-9987-657F7E20A475}.Debug|Any CPU.ActiveCfg = Debug|Any CPU
		{69CBC496-ED3B-4530-9987-657F7E20A475}.Debug|Any CPU.Build.0 = Debug|Any CPU
		{69CBC496-ED3B-4530-9987-657F7E20A475}.Debug|Any CPU.Deploy.0 = Debug|Any CPU
		{69CBC496-ED3B-4530-9987-657F7E20A475}.Debug|iPhone.ActiveCfg = Debug|Any CPU
		{69CBC496-ED3B-4530-9987-657F7E20A475}.Debug|iPhone.Build.0 = Debug|Any CPU
		{69CBC496-ED3B-4530-9987-657F7E20A475}.Debug|iPhoneSimulator.ActiveCfg = Debug|Any CPU
		{69CBC496-ED3B-4530-9987-657F7E20A475}.Debug|iPhoneSimulator.Build.0 = Debug|Any CPU
		{69CBC496-ED3B-4530-9987-657F7E20A475}.Release|Any CPU.ActiveCfg = Release|Any CPU
		{69CBC496-ED3B-4530-9987-657F7E20A475}.Release|Any CPU.Build.0 = Release|Any CPU
		{69CBC496-ED3B-4530-9987-657F7E20A475}.Release|iPhone.ActiveCfg = Release|Any CPU
		{69CBC496-ED3B-4530-9987-657F7E20A475}.Release|iPhone.Build.0 = Release|Any CPU
		{69CBC496-ED3B-4530-9987-657F7E20A475}.Release|iPhoneSimulator.ActiveCfg = Release|Any CPU
		{69CBC496-ED3B-4530-9987-657F7E20A475}.Release|iPhoneSimulator.Build.0 = Release|Any CPU
		{C14DA660-67CC-D263-C224-582538F0339A}.Debug|Any CPU.ActiveCfg = Debug|Any CPU
		{C14DA660-67CC-D263-C224-582538F0339A}.Debug|Any CPU.Build.0 = Debug|Any CPU
		{C14DA660-67CC-D263-C224-582538F0339A}.Debug|iPhone.ActiveCfg = Debug|Any CPU
		{C14DA660-67CC-D263-C224-582538F0339A}.Debug|iPhone.Build.0 = Debug|Any CPU
		{C14DA660-67CC-D263-C224-582538F0339A}.Debug|iPhoneSimulator.ActiveCfg = Debug|Any CPU
		{C14DA660-67CC-D263-C224-582538F0339A}.Debug|iPhoneSimulator.Build.0 = Debug|Any CPU
		{C14DA660-67CC-D263-C224-582538F0339A}.Release|Any CPU.ActiveCfg = Release|Any CPU
		{C14DA660-67CC-D263-C224-582538F0339A}.Release|Any CPU.Build.0 = Release|Any CPU
		{C14DA660-67CC-D263-C224-582538F0339A}.Release|iPhone.ActiveCfg = Release|Any CPU
		{C14DA660-67CC-D263-C224-582538F0339A}.Release|iPhone.Build.0 = Release|Any CPU
		{C14DA660-67CC-D263-C224-582538F0339A}.Release|iPhoneSimulator.ActiveCfg = Release|Any CPU
		{C14DA660-67CC-D263-C224-582538F0339A}.Release|iPhoneSimulator.Build.0 = Release|Any CPU
	EndGlobalSection
	GlobalSection(SolutionProperties) = preSolution
		HideSolutionNode = FALSE
	EndGlobalSection
	GlobalSection(NestedProjects) = preSolution
		{1A78A11A-9A06-4AF6-83B3-C73ECBBA83D6} = {3849F8B5-62E9-498E-ADA6-C062145A09CE}
		{502D0E43-AF3B-40D7-AF22-14503EE2BEA0} = {3849F8B5-62E9-498E-ADA6-C062145A09CE}
		{1FF34556-44A7-476C-AB44-365DA9BA59CC} = {3849F8B5-62E9-498E-ADA6-C062145A09CE}
		{B70931C7-3CF5-4D0C-92F6-A481EF0BDBA5} = {3849F8B5-62E9-498E-ADA6-C062145A09CE}
	EndGlobalSection
	GlobalSection(ExtensibilityGlobals) = postSolution
		SolutionGuid = {7E6FD918-987D-40A7-BD43-45D9E219CE43}
	EndGlobalSection
EndGlobal
